
Microsoft Visual Studio Solution File, Format Version 12.00
# Visual Studio Version 16
VisualStudioVersion = 16.0.31624.102
MinimumVisualStudioVersion = 10.0.40219.1
Project("{FAE04EC0-301F-11D3-BF4B-00C04F79EFBC}") = "team-f-WebShop.API", "team-f-WebShop.API\team-f-WebShop.API.csproj", "{7E818E1A-26A3-4587-9B2A-EBE3E43C0569}"
EndProject
Project("{FAE04EC0-301F-11D3-BF4B-00C04F79EFBC}") = "team-f-WebShop.Tests", "team-f-WebShop.Tests\team-f-WebShop.Tests.csproj", "{21A0A9FF-1F9A-4DFC-BEF9-61CD4B9F9C4C}"
EndProject
Global
	GlobalSection(SolutionConfigurationPlatforms) = preSolution
		Debug|Any CPU = Debug|Any CPU
		Release|Any CPU = Release|Any CPU
	EndGlobalSection
	GlobalSection(ProjectConfigurationPlatforms) = postSolution
		{7E818E1A-26A3-4587-9B2A-EBE3E43C0569}.Debug|Any CPU.ActiveCfg = Debug|Any CPU
		{7E818E1A-26A3-4587-9B2A-EBE3E43C0569}.Debug|Any CPU.Build.0 = Debug|Any CPU
		{7E818E1A-26A3-4587-9B2A-EBE3E43C0569}.Release|Any CPU.ActiveCfg = Release|Any CPU
		{7E818E1A-26A3-4587-9B2A-EBE3E43C0569}.Release|Any CPU.Build.0 = Release|Any CPU
		{21A0A9FF-1F9A-4DFC-BEF9-61CD4B9F9C4C}.Debug|Any CPU.ActiveCfg = Debug|Any CPU
		{21A0A9FF-1F9A-4DFC-BEF9-61CD4B9F9C4C}.Debug|Any CPU.Build.0 = Debug|Any CPU
		{21A0A9FF-1F9A-4DFC-BEF9-61CD4B9F9C4C}.Release|Any CPU.ActiveCfg = Release|Any CPU
		{21A0A9FF-1F9A-4DFC-BEF9-61CD4B9F9C4C}.Release|Any CPU.Build.0 = Release|Any CPU
	EndGlobalSection
	GlobalSection(SolutionProperties) = preSolution
		HideSolutionNode = FALSE
	EndGlobalSection
	GlobalSection(ExtensibilityGlobals) = postSolution
		SolutionGuid = {D44E3A64-9401-4133-B42E-318A4FFF91DB}
	EndGlobalSection
EndGlobal
